// !$*UTF8*$!
{
	archiveVersion = 1;
	classes = {
	};
	objectVersion = 50;
	objects = {

/* Begin PBXBuildFile section */
		5ACC86D220F92B47002125F4 /* AppDelegate.m in Sources */ = {isa = PBXBuildFile; fileRef = 5ACC86D120F92B47002125F4 /* AppDelegate.m */; };
		5ACC86D720F92B49002125F4 /* Assets.xcassets in Resources */ = {isa = PBXBuildFile; fileRef = 5ACC86D620F92B49002125F4 /* Assets.xcassets */; };
		5ACC86DA20F92B49002125F4 /* Main.storyboard in Resources */ = {isa = PBXBuildFile; fileRef = 5ACC86D820F92B49002125F4 /* Main.storyboard */; };
		5ACC86DD20F92B49002125F4 /* main.m in Sources */ = {isa = PBXBuildFile; fileRef = 5ACC86DC20F92B49002125F4 /* main.m */; };
		5ACC86E620F92EA5002125F4 /* TYVBrightnessAlignmentViewController.m in Sources */ = {isa = PBXBuildFile; fileRef = 5ACC86E520F92EA5002125F4 /* TYVBrightnessAlignmentViewController.m */; };
		5ACC86EA20F93023002125F4 /* TYVBrightnessAlignmentView.m in Sources */ = {isa = PBXBuildFile; fileRef = 5ACC86E920F93023002125F4 /* TYVBrightnessAlignmentView.m */; };
		5ACC86EE20F931A1002125F4 /* TYVBrightnessAlignmentViewModel.m in Sources */ = {isa = PBXBuildFile; fileRef = 5ACC86ED20F931A1002125F4 /* TYVBrightnessAlignmentViewModel.m */; };
		5ACC86F320F93811002125F4 /* TYVMacro.m in Sources */ = {isa = PBXBuildFile; fileRef = 5ACC86F120F93811002125F4 /* TYVMacro.m */; };
/* End PBXBuildFile section */

/* Begin PBXFileReference section */
		5ACC86CD20F92B47002125F4 /* TYVBrightness.app */ = {isa = PBXFileReference; explicitFileType = wrapper.application; includeInIndex = 0; path = TYVBrightness.app; sourceTree = BUILT_PRODUCTS_DIR; };
		5ACC86D020F92B47002125F4 /* AppDelegate.h */ = {isa = PBXFileReference; lastKnownFileType = sourcecode.c.h; path = AppDelegate.h; sourceTree = "<group>"; };
		5ACC86D120F92B47002125F4 /* AppDelegate.m */ = {isa = PBXFileReference; lastKnownFileType = sourcecode.c.objc; path = AppDelegate.m; sourceTree = "<group>"; };
		5ACC86D620F92B49002125F4 /* Assets.xcassets */ = {isa = PBXFileReference; lastKnownFileType = folder.assetcatalog; path = Assets.xcassets; sourceTree = "<group>"; };
		5ACC86D920F92B49002125F4 /* Base */ = {isa = PBXFileReference; lastKnownFileType = file.storyboard; name = Base; path = Base.lproj/Main.storyboard; sourceTree = "<group>"; };
		5ACC86DB20F92B49002125F4 /* Info.plist */ = {isa = PBXFileReference; lastKnownFileType = text.plist.xml; path = Info.plist; sourceTree = "<group>"; };
		5ACC86DC20F92B49002125F4 /* main.m */ = {isa = PBXFileReference; lastKnownFileType = sourcecode.c.objc; path = main.m; sourceTree = "<group>"; };
		5ACC86DE20F92B49002125F4 /* TYVBrightness.entitlements */ = {isa = PBXFileReference; lastKnownFileType = text.plist.entitlements; path = TYVBrightness.entitlements; sourceTree = "<group>"; };
		5ACC86E420F92EA5002125F4 /* TYVBrightnessAlignmentViewController.h */ = {isa = PBXFileReference; lastKnownFileType = sourcecode.c.h; path = TYVBrightnessAlignmentViewController.h; sourceTree = "<group>"; };
		5ACC86E520F92EA5002125F4 /* TYVBrightnessAlignmentViewController.m */ = {isa = PBXFileReference; lastKnownFileType = sourcecode.c.objc; path = TYVBrightnessAlignmentViewController.m; sourceTree = "<group>"; };
		5ACC86E820F93023002125F4 /* TYVBrightnessAlignmentView.h */ = {isa = PBXFileReference; lastKnownFileType = sourcecode.c.h; path = TYVBrightnessAlignmentView.h; sourceTree = "<group>"; };
		5ACC86E920F93023002125F4 /* TYVBrightnessAlignmentView.m */ = {isa = PBXFileReference; lastKnownFileType = sourcecode.c.objc; path = TYVBrightnessAlignmentView.m; sourceTree = "<group>"; };
		5ACC86EC20F931A1002125F4 /* TYVBrightnessAlignmentViewModel.h */ = {isa = PBXFileReference; lastKnownFileType = sourcecode.c.h; path = TYVBrightnessAlignmentViewModel.h; sourceTree = "<group>"; };
		5ACC86ED20F931A1002125F4 /* TYVBrightnessAlignmentViewModel.m */ = {isa = PBXFileReference; lastKnownFileType = sourcecode.c.objc; path = TYVBrightnessAlignmentViewModel.m; sourceTree = "<group>"; };
		5ACC86F120F93811002125F4 /* TYVMacro.m */ = {isa = PBXFileReference; fileEncoding = 4; lastKnownFileType = sourcecode.c.objc; path = TYVMacro.m; sourceTree = "<group>"; };
		5ACC86F220F93811002125F4 /* TYVMacro.h */ = {isa = PBXFileReference; fileEncoding = 4; lastKnownFileType = sourcecode.c.h; path = TYVMacro.h; sourceTree = "<group>"; };
/* End PBXFileReference section */

/* Begin PBXFrameworksBuildPhase section */
		5ACC86CA20F92B47002125F4 /* Frameworks */ = {
			isa = PBXFrameworksBuildPhase;
			buildActionMask = 2147483647;
			files = (
			);
			runOnlyForDeploymentPostprocessing = 0;
		};
/* End PBXFrameworksBuildPhase section */

/* Begin PBXGroup section */
		5ACC86C420F92B47002125F4 = {
			isa = PBXGroup;
			children = (
				5ACC86CF20F92B47002125F4 /* TYVBrightness */,
				5ACC86CE20F92B47002125F4 /* Products */,
			);
			sourceTree = "<group>";
		};
		5ACC86CE20F92B47002125F4 /* Products */ = {
			isa = PBXGroup;
			children = (
				5ACC86CD20F92B47002125F4 /* TYVBrightness.app */,
			);
			name = Products;
			sourceTree = "<group>";
		};
		5ACC86CF20F92B47002125F4 /* TYVBrightness */ = {
			isa = PBXGroup;
			children = (
				5ACC86F020F93811002125F4 /* Library */,
				5ACC86E720F92EAA002125F4 /* TYVBrightnessAlignment */,
				5ACC86D020F92B47002125F4 /* AppDelegate.h */,
				5ACC86D120F92B47002125F4 /* AppDelegate.m */,
				5ACC86D620F92B49002125F4 /* Assets.xcassets */,
				5ACC86D820F92B49002125F4 /* Main.storyboard */,
				5ACC86DB20F92B49002125F4 /* Info.plist */,
				5ACC86DC20F92B49002125F4 /* main.m */,
				5ACC86DE20F92B49002125F4 /* TYVBrightness.entitlements */,
			);
			path = TYVBrightness;
			sourceTree = "<group>";
		};
		5ACC86E720F92EAA002125F4 /* TYVBrightnessAlignment */ = {
			isa = PBXGroup;
			children = (
				5ACC86EF20F931A3002125F4 /* ViewModel */,
				5ACC86EB20F93027002125F4 /* View */,
				5ACC86E420F92EA5002125F4 /* TYVBrightnessAlignmentViewController.h */,
				5ACC86E520F92EA5002125F4 /* TYVBrightnessAlignmentViewController.m */,
			);
			path = TYVBrightnessAlignment;
			sourceTree = "<group>";
		};
		5ACC86EB20F93027002125F4 /* View */ = {
			isa = PBXGroup;
			children = (
				5ACC86E820F93023002125F4 /* TYVBrightnessAlignmentView.h */,
				5ACC86E920F93023002125F4 /* TYVBrightnessAlignmentView.m */,
			);
			path = View;
			sourceTree = "<group>";
		};
		5ACC86EF20F931A3002125F4 /* ViewModel */ = {
			isa = PBXGroup;
			children = (
				5ACC86EC20F931A1002125F4 /* TYVBrightnessAlignmentViewModel.h */,
				5ACC86ED20F931A1002125F4 /* TYVBrightnessAlignmentViewModel.m */,
			);
			path = ViewModel;
			sourceTree = "<group>";
		};
		5ACC86F020F93811002125F4 /* Library */ = {
			isa = PBXGroup;
			children = (
				5ACC86F220F93811002125F4 /* TYVMacro.h */,
				5ACC86F120F93811002125F4 /* TYVMacro.m */,
			);
			path = Library;
			sourceTree = "<group>";
		};
/* End PBXGroup section */

/* Begin PBXNativeTarget section */
		5ACC86CC20F92B47002125F4 /* TYVBrightness */ = {
			isa = PBXNativeTarget;
			buildConfigurationList = 5ACC86E120F92B49002125F4 /* Build configuration list for PBXNativeTarget "TYVBrightness" */;
			buildPhases = (
				5ACC86C920F92B47002125F4 /* Sources */,
				5ACC86CA20F92B47002125F4 /* Frameworks */,
				5ACC86CB20F92B47002125F4 /* Resources */,
			);
			buildRules = (
			);
			dependencies = (
			);
			name = TYVBrightness;
			productName = TYVBrightness;
			productReference = 5ACC86CD20F92B47002125F4 /* TYVBrightness.app */;
			productType = "com.apple.product-type.application";
		};
/* End PBXNativeTarget section */

/* Begin PBXProject section */
		5ACC86C520F92B47002125F4 /* Project object */ = {
			isa = PBXProject;
			attributes = {
				LastUpgradeCheck = 0940;
				ORGANIZATIONNAME = "Yurii Trokhymchuk";
				TargetAttributes = {
					5ACC86CC20F92B47002125F4 = {
						CreatedOnToolsVersion = 9.4.1;
					};
				};
			};
			buildConfigurationList = 5ACC86C820F92B47002125F4 /* Build configuration list for PBXProject "TYVBrightness" */;
			compatibilityVersion = "Xcode 9.3";
			developmentRegion = en;
			hasScannedForEncodings = 0;
			knownRegions = (
				en,
				Base,
			);
			mainGroup = 5ACC86C420F92B47002125F4;
			productRefGroup = 5ACC86CE20F92B47002125F4 /* Products */;
			projectDirPath = "";
			projectRoot = "";
			targets = (
				5ACC86CC20F92B47002125F4 /* TYVBrightness */,
			);
		};
/* End PBXProject section */

/* Begin PBXResourcesBuildPhase section */
		5ACC86CB20F92B47002125F4 /* Resources */ = {
			isa = PBXResourcesBuildPhase;
			buildActionMask = 2147483647;
			files = (
				5ACC86D720F92B49002125F4 /* Assets.xcassets in Resources */,
				5ACC86DA20F92B49002125F4 /* Main.storyboard in Resources */,
			);
			runOnlyForDeploymentPostprocessing = 0;
		};
/* End PBXResourcesBuildPhase section */

/* Begin PBXSourcesBuildPhase section */
		5ACC86C920F92B47002125F4 /* Sources */ = {
			isa = PBXSourcesBuildPhase;
			buildActionMask = 2147483647;
			files = (
				5ACC86F320F93811002125F4 /* TYVMacro.m in Sources */,
				5ACC86EE20F931A1002125F4 /* TYVBrightnessAlignmentViewModel.m in Sources */,
				5ACC86DD20F92B49002125F4 /* main.m in Sources */,
				5ACC86EA20F93023002125F4 /* TYVBrightnessAlignmentView.m in Sources */,
				5ACC86E620F92EA5002125F4 /* TYVBrightnessAlignmentViewController.m in Sources */,
				5ACC86D220F92B47002125F4 /* AppDelegate.m in Sources */,
			);
			runOnlyForDeploymentPostprocessing = 0;
		};
/* End PBXSourcesBuildPhase section */

/* Begin PBXVariantGroup section */
		5ACC86D820F92B49002125F4 /* Main.storyboard */ = {
			isa = PBXVariantGroup;
			children = (
				5ACC86D920F92B49002125F4 /* Base */,
			);
			name = Main.storyboard;
			sourceTree = "<group>";
		};
/* End PBXVariantGroup section */

/* Begin XCBuildConfiguration section */
		5ACC86DF20F92B49002125F4 /* Debug */ = {
			isa = XCBuildConfiguration;
			buildSettings = {
				ALWAYS_SEARCH_USER_PATHS = NO;
				CLANG_ANALYZER_NONNULL = YES;
				CLANG_ANALYZER_NUMBER_OBJECT_CONVERSION = YES_AGGRESSIVE;
				CLANG_CXX_LANGUAGE_STANDARD = "gnu++14";
				CLANG_CXX_LIBRARY = "libc++";
				CLANG_ENABLE_MODULES = YES;
				CLANG_ENABLE_OBJC_ARC = YES;
				CLANG_ENABLE_OBJC_WEAK = YES;
				CLANG_WARN_BLOCK_CAPTURE_AUTORELEASING = YES;
				CLANG_WARN_BOOL_CONVERSION = YES;
				CLANG_WARN_COMMA = YES;
				CLANG_WARN_CONSTANT_CONVERSION = YES;
				CLANG_WARN_DEPRECATED_OBJC_IMPLEMENTATIONS = YES;
				CLANG_WARN_DIRECT_OBJC_ISA_USAGE = YES_ERROR;
				CLANG_WARN_DOCUMENTATION_COMMENTS = YES;
				CLANG_WARN_EMPTY_BODY = YES;
				CLANG_WARN_ENUM_CONVERSION = YES;
				CLANG_WARN_INFINITE_RECURSION = YES;
				CLANG_WARN_INT_CONVERSION = YES;
				CLANG_WARN_NON_LITERAL_NULL_CONVERSION = YES;
				CLANG_WARN_OBJC_IMPLICIT_RETAIN_SELF = YES;
				CLANG_WARN_OBJC_LITERAL_CONVERSION = YES;
				CLANG_WARN_OBJC_ROOT_CLASS = YES_ERROR;
				CLANG_WARN_RANGE_LOOP_ANALYSIS = YES;
				CLANG_WARN_STRICT_PROTOTYPES = YES;
				CLANG_WARN_SUSPICIOUS_MOVE = YES;
				CLANG_WARN_UNGUARDED_AVAILABILITY = YES_AGGRESSIVE;
				CLANG_WARN_UNREACHABLE_CODE = YES;
				CLANG_WARN__DUPLICATE_METHOD_MATCH = YES;
				CODE_SIGN_IDENTITY = "Mac Developer";
				COPY_PHASE_STRIP = NO;
				DEBUG_INFORMATION_FORMAT = dwarf;
				ENABLE_STRICT_OBJC_MSGSEND = YES;
				ENABLE_TESTABILITY = YES;
				GCC_C_LANGUAGE_STANDARD = gnu11;
				GCC_DYNAMIC_NO_PIC = NO;
				GCC_NO_COMMON_BLOCKS = YES;
				GCC_OPTIMIZATION_LEVEL = 0;
				GCC_PREPROCESSOR_DEFINITIONS = (
					"DEBUG=1",
					"$(inherited)",
				);
				GCC_WARN_64_TO_32_BIT_CONVERSION = YES;
				GCC_WARN_ABOUT_RETURN_TYPE = YES_ERROR;
				GCC_WARN_UNDECLARED_SELECTOR = YES;
				GCC_WARN_UNINITIALIZED_AUTOS = YES_AGGRESSIVE;
				GCC_WARN_UNUSED_FUNCTION = YES;
				GCC_WARN_UNUSED_VARIABLE = YES;
				MACOSX_DEPLOYMENT_TARGET = 10.13;
				MTL_ENABLE_DEBUG_INFO = YES;
				ONLY_ACTIVE_ARCH = YES;
				SDKROOT = macosx;
			};
			name = Debug;
		};
		5ACC86E020F92B49002125F4 /* Release */ = {
			isa = XCBuildConfiguration;
			buildSettings = {
				ALWAYS_SEARCH_USER_PATHS = NO;
				CLANG_ANALYZER_NONNULL = YES;
				CLANG_ANALYZER_NUMBER_OBJECT_CONVERSION = YES_AGGRESSIVE;
				CLANG_CXX_LANGUAGE_STANDARD = "gnu++14";
				CLANG_CXX_LIBRARY = "libc++";
				CLANG_ENABLE_MODULES = YES;
				CLANG_ENABLE_OBJC_ARC = YES;
				CLANG_ENABLE_OBJC_WEAK = YES;
				CLANG_WARN_BLOCK_CAPTURE_AUTORELEASING = YES;
				CLANG_WARN_BOOL_CONVERSION = YES;
				CLANG_WARN_COMMA = YES;
				CLANG_WARN_CONSTANT_CONVERSION = YES;
				CLANG_WARN_DEPRECATED_OBJC_IMPLEMENTATIONS = YES;
				CLANG_WARN_DIRECT_OBJC_ISA_USAGE = YES_ERROR;
				CLANG_WARN_DOCUMENTATION_COMMENTS = YES;
				CLANG_WARN_EMPTY_BODY = YES;
				CLANG_WARN_ENUM_CONVERSION = YES;
				CLANG_WARN_INFINITE_RECURSION = YES;
				CLANG_WARN_INT_CONVERSION = YES;
				CLANG_WARN_NON_LITERAL_NULL_CONVERSION = YES;
				CLANG_WARN_OBJC_IMPLICIT_RETAIN_SELF = YES;
				CLANG_WARN_OBJC_LITERAL_CONVERSION = YES;
				CLANG_WARN_OBJC_ROOT_CLASS = YES_ERROR;
				CLANG_WARN_RANGE_LOOP_ANALYSIS = YES;
				CLANG_WARN_STRICT_PROTOTYPES = YES;
				CLANG_WARN_SUSPICIOUS_MOVE = YES;
				CLANG_WARN_UNGUARDED_AVAILABILITY = YES_AGGRESSIVE;
				CLANG_WARN_UNREACHABLE_CODE = YES;
				CLANG_WARN__DUPLICATE_METHOD_MATCH = YES;
				CODE_SIGN_IDENTITY = "Mac Developer";
				COPY_PHASE_STRIP = NO;
				DEBUG_INFORMATION_FORMAT = "dwarf-with-dsym";
				ENABLE_NS_ASSERTIONS = NO;
				ENABLE_STRICT_OBJC_MSGSEND = YES;
				GCC_C_LANGUAGE_STANDARD = gnu11;
				GCC_NO_COMMON_BLOCKS = YES;
				GCC_WARN_64_TO_32_BIT_CONVERSION = YES;
				GCC_WARN_ABOUT_RETURN_TYPE = YES_ERROR;
				GCC_WARN_UNDECLARED_SELECTOR = YES;
				GCC_WARN_UNINITIALIZED_AUTOS = YES_AGGRESSIVE;
				GCC_WARN_UNUSED_FUNCTION = YES;
				GCC_WARN_UNUSED_VARIABLE = YES;
				MACOSX_DEPLOYMENT_TARGET = 10.13;
				MTL_ENABLE_DEBUG_INFO = NO;
				SDKROOT = macosx;
			};
			name = Release;
		};
		5ACC86E220F92B49002125F4 /* Debug */ = {
			isa = XCBuildConfiguration;
			buildSettings = {
				ASSETCATALOG_COMPILER_APPICON_NAME = AppIcon;
				CODE_SIGN_ENTITLEMENTS = TYVBrightness/TYVBrightness.entitlements;
				CODE_SIGN_STYLE = Automatic;
				COMBINE_HIDPI_IMAGES = YES;
				DEVELOPMENT_TEAM = 523JLE4YUX;
				INFOPLIST_FILE = TYVBrightness/Info.plist;
				LD_RUNPATH_SEARCH_PATHS = (
					"$(inherited)",
					"@executable_path/../Frameworks",
				);
				PRODUCT_BUNDLE_IDENTIFIER = com.yurii.imagesViewer.TYVBrightness;
				PRODUCT_NAME = "$(TARGET_NAME)";
			};
			name = Debug;
		};
		5ACC86E320F92B49002125F4 /* Release */ = {
			isa = XCBuildConfiguration;
			buildSettings = {
				ASSETCATALOG_COMPILER_APPICON_NAME = AppIcon;
				CODE_SIGN_ENTITLEMENTS = TYVBrightness/TYVBrightness.entitlements;
				CODE_SIGN_STYLE = Automatic;
				COMBINE_HIDPI_IMAGES = YES;
				DEVELOPMENT_TEAM = 523JLE4YUX;
				INFOPLIST_FILE = TYVBrightness/Info.plist;
				LD_RUNPATH_SEARCH_PATHS = (
					"$(inherited)",
					"@executable_path/../Frameworks",
				);
				PRODUCT_BUNDLE_IDENTIFIER = com.yurii.imagesViewer.TYVBrightness;
				PRODUCT_NAME = "$(TARGET_NAME)";
			};
			name = Release;
		};
/* End XCBuildConfiguration section */

/* Begin XCConfigurationList section */
		5ACC86C820F92B47002125F4 /* Build configuration list for PBXProject "TYVBrightness" */ = {
			isa = XCConfigurationList;
			buildConfigurations = (
				5ACC86DF20F92B49002125F4 /* Debug */,
				5ACC86E020F92B49002125F4 /* Release */,
			);
			defaultConfigurationIsVisible = 0;
			defaultConfigurationName = Release;
		};
		5ACC86E120F92B49002125F4 /* Build configuration list for PBXNativeTarget "TYVBrightness" */ = {
			isa = XCConfigurationList;
			buildConfigurations = (
				5ACC86E220F92B49002125F4 /* Debug */,
				5ACC86E320F92B49002125F4 /* Release */,
			);
			defaultConfigurationIsVisible = 0;
			defaultConfigurationName = Release;
		};
/* End XCConfigurationList section */
	};
	rootObject = 5ACC86C520F92B47002125F4 /* Project object */;
}
